
Microsoft Visual Studio Solution File, Format Version 12.00
# Visual Studio Version 17
VisualStudioVersion = 17.11.35222.181
MinimumVisualStudioVersion = 10.0.40219.1
Project("{FAE04EC0-301F-11D3-BF4B-00C04F79EFBC}") = "MusicLyrics", "MusicLyrics\MusicLyrics.csproj", "{2B320CFD-C976-4D09-8CD0-CDA3F7889353}"
EndProject
Global
	GlobalSection(SolutionConfigurationPlatforms) = preSolution
		Debug|Any CPU = Debug|Any CPU
		Release|Any CPU = Release|Any CPU
	EndGlobalSection
	GlobalSection(ProjectConfigurationPlatforms) = postSolution
		{2B320CFD-C976-4D09-8CD0-CDA3F7889353}.Debug|Any CPU.ActiveCfg = Debug|Any CPU
		{2B320CFD-C976-4D09-8CD0-CDA3F7889353}.Debug|Any CPU.Build.0 = Debug|Any CPU
		{2B320CFD-C976-4D09-8CD0-CDA3F7889353}.Release|Any CPU.ActiveCfg = Release|Any CPU
		{2B320CFD-C976-4D09-8CD0-CDA3F7889353}.Release|Any CPU.Build.0 = Release|Any CPU
	EndGlobalSection
	GlobalSection(SolutionProperties) = preSolution
		HideSolutionNode = FALSE
	EndGlobalSection
	GlobalSection(ExtensibilityGlobals) = postSolution
		SolutionGuid = {E45DD34C-B5F0-4DA3-8371-165108A61C0A}
	EndGlobalSection
EndGlobal
